// !$*UTF8*$!
{
	archiveVersion = 1;
	classes = {
	};
	objectVersion = 50;
	objects = {

/* Begin PBXBuildFile section */
		C89CBD5224AD290C00AD07DF /* main.c in Sources */ = {isa = PBXBuildFile; fileRef = C89CBD5124AD290C00AD07DF /* main.c */; };
		C89CBD6124AD39AE00AD07DF /* board.c in Sources */ = {isa = PBXBuildFile; fileRef = C89CBD6024AD39AE00AD07DF /* board.c */; };
		C89CBD6424AD39B700AD07DF /* piece.c in Sources */ = {isa = PBXBuildFile; fileRef = C89CBD6324AD39B700AD07DF /* piece.c */; };
		C89CBD6724AD434800AD07DF /* util.c in Sources */ = {isa = PBXBuildFile; fileRef = C89CBD6624AD434800AD07DF /* util.c */; };
/* End PBXBuildFile section */

/* Begin PBXCopyFilesBuildPhase section */
		C89CBD4C24AD290C00AD07DF /* CopyFiles */ = {
			isa = PBXCopyFilesBuildPhase;
			buildActionMask = 2147483647;
			dstPath = /usr/share/man/man1/;
			dstSubfolderSpec = 0;
			files = (
			);
			runOnlyForDeploymentPostprocessing = 1;
		};
/* End PBXCopyFilesBuildPhase section */

/* Begin PBXFileReference section */
		C89CBD4E24AD290C00AD07DF /* c-hive */ = {isa = PBXFileReference; explicitFileType = "compiled.mach-o.executable"; includeInIndex = 0; path = "c-hive"; sourceTree = BUILT_PRODUCTS_DIR; };
		C89CBD5124AD290C00AD07DF /* main.c */ = {isa = PBXFileReference; lastKnownFileType = sourcecode.c.c; path = main.c; sourceTree = "<group>"; };
		C89CBD5F24AD39AE00AD07DF /* board.h */ = {isa = PBXFileReference; lastKnownFileType = sourcecode.c.h; path = board.h; sourceTree = "<group>"; };
		C89CBD6024AD39AE00AD07DF /* board.c */ = {isa = PBXFileReference; lastKnownFileType = sourcecode.c.c; path = board.c; sourceTree = "<group>"; };
		C89CBD6224AD39B700AD07DF /* piece.h */ = {isa = PBXFileReference; lastKnownFileType = sourcecode.c.h; path = piece.h; sourceTree = "<group>"; };
		C89CBD6324AD39B700AD07DF /* piece.c */ = {isa = PBXFileReference; lastKnownFileType = sourcecode.c.c; path = piece.c; sourceTree = "<group>"; };
		C89CBD6524AD434800AD07DF /* util.h */ = {isa = PBXFileReference; lastKnownFileType = sourcecode.c.h; path = util.h; sourceTree = "<group>"; };
		C89CBD6624AD434800AD07DF /* util.c */ = {isa = PBXFileReference; lastKnownFileType = sourcecode.c.c; path = util.c; sourceTree = "<group>"; };
/* End PBXFileReference section */

/* Begin PBXFrameworksBuildPhase section */
		C89CBD4B24AD290C00AD07DF /* Frameworks */ = {
			isa = PBXFrameworksBuildPhase;
			buildActionMask = 2147483647;
			files = (
			);
			runOnlyForDeploymentPostprocessing = 0;
		};
/* End PBXFrameworksBuildPhase section */

/* Begin PBXGroup section */
		C89CBD4524AD290C00AD07DF = {
			isa = PBXGroup;
			children = (
				C89CBD5024AD290C00AD07DF /* c-hive */,
				C89CBD4F24AD290C00AD07DF /* Products */,
			);
			sourceTree = "<group>";
		};
		C89CBD4F24AD290C00AD07DF /* Products */ = {
			isa = PBXGroup;
			children = (
				C89CBD4E24AD290C00AD07DF /* c-hive */,
			);
			name = Products;
			sourceTree = "<group>";
		};
		C89CBD5024AD290C00AD07DF /* c-hive */ = {
			isa = PBXGroup;
			children = (
				C89CBD5124AD290C00AD07DF /* main.c */,
				C89CBD5F24AD39AE00AD07DF /* board.h */,
				C89CBD6024AD39AE00AD07DF /* board.c */,
				C89CBD6224AD39B700AD07DF /* piece.h */,
				C89CBD6324AD39B700AD07DF /* piece.c */,
				C89CBD6524AD434800AD07DF /* util.h */,
				C89CBD6624AD434800AD07DF /* util.c */,
			);
			path = "c-hive";
			sourceTree = "<group>";
		};
/* End PBXGroup section */

/* Begin PBXNativeTarget section */
		C89CBD4D24AD290C00AD07DF /* c-hive */ = {
			isa = PBXNativeTarget;
			buildConfigurationList = C89CBD5524AD290C00AD07DF /* Build configuration list for PBXNativeTarget "c-hive" */;
			buildPhases = (
				C89CBD4A24AD290C00AD07DF /* Sources */,
				C89CBD4B24AD290C00AD07DF /* Frameworks */,
				C89CBD4C24AD290C00AD07DF /* CopyFiles */,
			);
			buildRules = (
			);
			dependencies = (
			);
			name = "c-hive";
			productName = "c-hive";
			productReference = C89CBD4E24AD290C00AD07DF /* c-hive */;
			productType = "com.apple.product-type.tool";
		};
/* End PBXNativeTarget section */

/* Begin PBXProject section */
		C89CBD4624AD290C00AD07DF /* Project object */ = {
			isa = PBXProject;
			attributes = {
				LastUpgradeCheck = 1150;
				ORGANIZATIONNAME = "Bryan Williams";
				TargetAttributes = {
					C89CBD4D24AD290C00AD07DF = {
						CreatedOnToolsVersion = 11.5;
					};
				};
			};
			buildConfigurationList = C89CBD4924AD290C00AD07DF /* Build configuration list for PBXProject "c-hive" */;
			compatibilityVersion = "Xcode 9.3";
			developmentRegion = en;
			hasScannedForEncodings = 0;
			knownRegions = (
				en,
				Base,
			);
			mainGroup = C89CBD4524AD290C00AD07DF;
			productRefGroup = C89CBD4F24AD290C00AD07DF /* Products */;
			projectDirPath = "";
			projectRoot = "";
			targets = (
				C89CBD4D24AD290C00AD07DF /* c-hive */,
			);
		};
/* End PBXProject section */

/* Begin PBXSourcesBuildPhase section */
		C89CBD4A24AD290C00AD07DF /* Sources */ = {
			isa = PBXSourcesBuildPhase;
			buildActionMask = 2147483647;
			files = (
				C89CBD6124AD39AE00AD07DF /* board.c in Sources */,
				C89CBD6724AD434800AD07DF /* util.c in Sources */,
				C89CBD5224AD290C00AD07DF /* main.c in Sources */,
				C89CBD6424AD39B700AD07DF /* piece.c in Sources */,
			);
			runOnlyForDeploymentPostprocessing = 0;
		};
/* End PBXSourcesBuildPhase section */

/* Begin XCBuildConfiguration section */
		C89CBD5324AD290C00AD07DF /* Debug */ = {
			isa = XCBuildConfiguration;
			buildSettings = {
				ALWAYS_SEARCH_USER_PATHS = NO;
				CLANG_ANALYZER_NONNULL = YES;
				CLANG_ANALYZER_NUMBER_OBJECT_CONVERSION = YES_AGGRESSIVE;
				CLANG_CXX_LANGUAGE_STANDARD = "gnu++14";
				CLANG_CXX_LIBRARY = "libc++";
				CLANG_ENABLE_MODULES = YES;
				CLANG_ENABLE_OBJC_ARC = YES;
				CLANG_ENABLE_OBJC_WEAK = YES;
				CLANG_WARN_BLOCK_CAPTURE_AUTORELEASING = YES;
				CLANG_WARN_BOOL_CONVERSION = YES;
				CLANG_WARN_COMMA = YES;
				CLANG_WARN_CONSTANT_CONVERSION = YES;
				CLANG_WARN_DEPRECATED_OBJC_IMPLEMENTATIONS = YES;
				CLANG_WARN_DIRECT_OBJC_ISA_USAGE = YES_ERROR;
				CLANG_WARN_DOCUMENTATION_COMMENTS = YES;
				CLANG_WARN_EMPTY_BODY = YES;
				CLANG_WARN_ENUM_CONVERSION = YES;
				CLANG_WARN_INFINITE_RECURSION = YES;
				CLANG_WARN_INT_CONVERSION = YES;
				CLANG_WARN_NON_LITERAL_NULL_CONVERSION = YES;
				CLANG_WARN_OBJC_IMPLICIT_RETAIN_SELF = YES;
				CLANG_WARN_OBJC_LITERAL_CONVERSION = YES;
				CLANG_WARN_OBJC_ROOT_CLASS = YES_ERROR;
				CLANG_WARN_RANGE_LOOP_ANALYSIS = YES;
				CLANG_WARN_STRICT_PROTOTYPES = YES;
				CLANG_WARN_SUSPICIOUS_MOVE = YES;
				CLANG_WARN_UNGUARDED_AVAILABILITY = YES_AGGRESSIVE;
				CLANG_WARN_UNREACHABLE_CODE = YES;
				CLANG_WARN__DUPLICATE_METHOD_MATCH = YES;
				COPY_PHASE_STRIP = NO;
				DEBUG_INFORMATION_FORMAT = dwarf;
				ENABLE_STRICT_OBJC_MSGSEND = YES;
				ENABLE_TESTABILITY = YES;
				GCC_C_LANGUAGE_STANDARD = gnu11;
				GCC_DYNAMIC_NO_PIC = NO;
				GCC_NO_COMMON_BLOCKS = YES;
				GCC_OPTIMIZATION_LEVEL = 0;
				GCC_PREPROCESSOR_DEFINITIONS = (
					"DEBUG=1",
					"$(inherited)",
				);
				GCC_WARN_64_TO_32_BIT_CONVERSION = YES;
				GCC_WARN_ABOUT_RETURN_TYPE = YES_ERROR;
				GCC_WARN_UNDECLARED_SELECTOR = YES;
				GCC_WARN_UNINITIALIZED_AUTOS = YES_AGGRESSIVE;
				GCC_WARN_UNUSED_FUNCTION = YES;
				GCC_WARN_UNUSED_VARIABLE = YES;
				MACOSX_DEPLOYMENT_TARGET = 10.15;
				MTL_ENABLE_DEBUG_INFO = INCLUDE_SOURCE;
				MTL_FAST_MATH = YES;
				ONLY_ACTIVE_ARCH = YES;
				SDKROOT = macosx;
			};
			name = Debug;
		};
		C89CBD5424AD290C00AD07DF /* Release */ = {
			isa = XCBuildConfiguration;
			buildSettings = {
				ALWAYS_SEARCH_USER_PATHS = NO;
				CLANG_ANALYZER_NONNULL = YES;
				CLANG_ANALYZER_NUMBER_OBJECT_CONVERSION = YES_AGGRESSIVE;
				CLANG_CXX_LANGUAGE_STANDARD = "gnu++14";
				CLANG_CXX_LIBRARY = "libc++";
				CLANG_ENABLE_MODULES = YES;
				CLANG_ENABLE_OBJC_ARC = YES;
				CLANG_ENABLE_OBJC_WEAK = YES;
				CLANG_WARN_BLOCK_CAPTURE_AUTORELEASING = YES;
				CLANG_WARN_BOOL_CONVERSION = YES;
				CLANG_WARN_COMMA = YES;
				CLANG_WARN_CONSTANT_CONVERSION = YES;
				CLANG_WARN_DEPRECATED_OBJC_IMPLEMENTATIONS = YES;
				CLANG_WARN_DIRECT_OBJC_ISA_USAGE = YES_ERROR;
				CLANG_WARN_DOCUMENTATION_COMMENTS = YES;
				CLANG_WARN_EMPTY_BODY = YES;
				CLANG_WARN_ENUM_CONVERSION = YES;
				CLANG_WARN_INFINITE_RECURSION = YES;
				CLANG_WARN_INT_CONVERSION = YES;
				CLANG_WARN_NON_LITERAL_NULL_CONVERSION = YES;
				CLANG_WARN_OBJC_IMPLICIT_RETAIN_SELF = YES;
				CLANG_WARN_OBJC_LITERAL_CONVERSION = YES;
				CLANG_WARN_OBJC_ROOT_CLASS = YES_ERROR;
				CLANG_WARN_RANGE_LOOP_ANALYSIS = YES;
				CLANG_WARN_STRICT_PROTOTYPES = YES;
				CLANG_WARN_SUSPICIOUS_MOVE = YES;
				CLANG_WARN_UNGUARDED_AVAILABILITY = YES_AGGRESSIVE;
				CLANG_WARN_UNREACHABLE_CODE = YES;
				CLANG_WARN__DUPLICATE_METHOD_MATCH = YES;
				COPY_PHASE_STRIP = NO;
				DEBUG_INFORMATION_FORMAT = "dwarf-with-dsym";
				ENABLE_NS_ASSERTIONS = NO;
				ENABLE_STRICT_OBJC_MSGSEND = YES;
				GCC_C_LANGUAGE_STANDARD = gnu11;
				GCC_NO_COMMON_BLOCKS = YES;
				GCC_WARN_64_TO_32_BIT_CONVERSION = YES;
				GCC_WARN_ABOUT_RETURN_TYPE = YES_ERROR;
				GCC_WARN_UNDECLARED_SELECTOR = YES;
				GCC_WARN_UNINITIALIZED_AUTOS = YES_AGGRESSIVE;
				GCC_WARN_UNUSED_FUNCTION = YES;
				GCC_WARN_UNUSED_VARIABLE = YES;
				MACOSX_DEPLOYMENT_TARGET = 10.15;
				MTL_ENABLE_DEBUG_INFO = NO;
				MTL_FAST_MATH = YES;
				SDKROOT = macosx;
			};
			name = Release;
		};
		C89CBD5624AD290C00AD07DF /* Debug */ = {
			isa = XCBuildConfiguration;
			buildSettings = {
				CODE_SIGN_STYLE = Automatic;
				PRODUCT_NAME = "$(TARGET_NAME)";
			};
			name = Debug;
		};
		C89CBD5724AD290C00AD07DF /* Release */ = {
			isa = XCBuildConfiguration;
			buildSettings = {
				CODE_SIGN_STYLE = Automatic;
				PRODUCT_NAME = "$(TARGET_NAME)";
			};
			name = Release;
		};
/* End XCBuildConfiguration section */

/* Begin XCConfigurationList section */
		C89CBD4924AD290C00AD07DF /* Build configuration list for PBXProject "c-hive" */ = {
			isa = XCConfigurationList;
			buildConfigurations = (
				C89CBD5324AD290C00AD07DF /* Debug */,
				C89CBD5424AD290C00AD07DF /* Release */,
			);
			defaultConfigurationIsVisible = 0;
			defaultConfigurationName = Release;
		};
		C89CBD5524AD290C00AD07DF /* Build configuration list for PBXNativeTarget "c-hive" */ = {
			isa = XCConfigurationList;
			buildConfigurations = (
				C89CBD5624AD290C00AD07DF /* Debug */,
				C89CBD5724AD290C00AD07DF /* Release */,
			);
			defaultConfigurationIsVisible = 0;
			defaultConfigurationName = Release;
		};
/* End XCConfigurationList section */
	};
	rootObject = C89CBD4624AD290C00AD07DF /* Project object */;
}
